
Microsoft Visual Studio Solution File, Format Version 12.00
# Visual Studio 2013
VisualStudioVersion = 12.0.30723.0
MinimumVisualStudioVersion = 10.0.40219.1
Project("{FAE04EC0-301F-11D3-BF4B-00C04F79EFBC}") = "gestionAppels", "gestionAppels\gestionAppels.csproj", "{B44694DA-D3EE-42E1-8C5C-F53E722D9AF9}"
	GlobalSection(PerforceSourceControlProviderSolutionProperties) = preSolution
		SolutionIsControlled = True
	EndGlobalSection
EndProject
Project("{2150E333-8FDC-42A3-9474-1A3956D46DE8}") = "Solution Items", "Solution Items", "{1FA4177E-F6D1-4EE2-914F-A0ED13C45CC9}"
	GlobalSection(PerforceSourceControlProviderSolutionProperties) = preSolution
		SolutionIsControlled = True
	EndGlobalSection
	ProjectSection(SolutionItems) = preProject
		client-key.pfx = client-key.pfx
		connectionSettings.xml = connectionSettings.xml
		gestionAppels - gestion de la connexion.vsdx = gestionAppels - gestion de la connexion.vsdx
		liste-clients.csv = liste-clients.csv
		liste-clients.xlsx = liste-clients.xlsx
		liste-clients2.csv = liste-clients2.csv
		liste-clients2.xlsx = liste-clients2.xlsx
	EndProjectSection
EndProject
Project("{FAE04EC0-301F-11D3-BF4B-00C04F79EFBC}") = "isolatedStorageHelpers", "isolatedStorageHelpers\isolatedStorageHelpers.csproj", "{537B5765-A97F-4D85-ABA4-22A38FD649B0}"
	GlobalSection(PerforceSourceControlProviderSolutionProperties) = preSolution
		SolutionIsControlled = True
	EndGlobalSection
EndProject
Project("{FAE04EC0-301F-11D3-BF4B-00C04F79EFBC}") = "createConnectionFile", "createConnectionFile\createConnectionFile.csproj", "{07D78BEB-2001-4CC9-BFF8-98573AF2D49D}"
	GlobalSection(PerforceSourceControlProviderSolutionProperties) = preSolution
		SolutionIsControlled = True
	EndGlobalSection
EndProject
Project("{FAE04EC0-301F-11D3-BF4B-00C04F79EFBC}") = "readConnectionFile", "readConnectionFile\readConnectionFile.csproj", "{9683204A-602C-4AE2-8FBC-9265F68DAC2E}"
	GlobalSection(PerforceSourceControlProviderSolutionProperties) = preSolution
		SolutionIsControlled = True
	EndGlobalSection
EndProject
Global
	GlobalSection(PerforceSourceControlProviderSolutionProperties) = preSolution
		SolutionIsControlled = True
	EndGlobalSection
	GlobalSection(SolutionConfigurationPlatforms) = preSolution
		Debug|Any CPU = Debug|Any CPU
		Release|Any CPU = Release|Any CPU
	EndGlobalSection
	GlobalSection(ProjectConfigurationPlatforms) = postSolution
		{B44694DA-D3EE-42E1-8C5C-F53E722D9AF9}.Debug|Any CPU.ActiveCfg = Debug|Any CPU
		{B44694DA-D3EE-42E1-8C5C-F53E722D9AF9}.Debug|Any CPU.Build.0 = Debug|Any CPU
		{B44694DA-D3EE-42E1-8C5C-F53E722D9AF9}.Release|Any CPU.ActiveCfg = Release|Any CPU
		{B44694DA-D3EE-42E1-8C5C-F53E722D9AF9}.Release|Any CPU.Build.0 = Release|Any CPU
		{537B5765-A97F-4D85-ABA4-22A38FD649B0}.Debug|Any CPU.ActiveCfg = Debug|Any CPU
		{537B5765-A97F-4D85-ABA4-22A38FD649B0}.Debug|Any CPU.Build.0 = Debug|Any CPU
		{537B5765-A97F-4D85-ABA4-22A38FD649B0}.Release|Any CPU.ActiveCfg = Release|Any CPU
		{537B5765-A97F-4D85-ABA4-22A38FD649B0}.Release|Any CPU.Build.0 = Release|Any CPU
		{07D78BEB-2001-4CC9-BFF8-98573AF2D49D}.Debug|Any CPU.ActiveCfg = Debug|Any CPU
		{07D78BEB-2001-4CC9-BFF8-98573AF2D49D}.Debug|Any CPU.Build.0 = Debug|Any CPU
		{07D78BEB-2001-4CC9-BFF8-98573AF2D49D}.Release|Any CPU.ActiveCfg = Release|Any CPU
		{07D78BEB-2001-4CC9-BFF8-98573AF2D49D}.Release|Any CPU.Build.0 = Release|Any CPU
		{9683204A-602C-4AE2-8FBC-9265F68DAC2E}.Debug|Any CPU.ActiveCfg = Debug|Any CPU
		{9683204A-602C-4AE2-8FBC-9265F68DAC2E}.Debug|Any CPU.Build.0 = Debug|Any CPU
		{9683204A-602C-4AE2-8FBC-9265F68DAC2E}.Release|Any CPU.ActiveCfg = Release|Any CPU
		{9683204A-602C-4AE2-8FBC-9265F68DAC2E}.Release|Any CPU.Build.0 = Release|Any CPU
	EndGlobalSection
	GlobalSection(SolutionProperties) = preSolution
		HideSolutionNode = FALSE
	EndGlobalSection
EndGlobal
