
Microsoft Visual Studio Solution File, Format Version 12.00
# Visual Studio 2013
VisualStudioVersion = 12.0.31101.0
MinimumVisualStudioVersion = 10.0.40219.1
Project("{FAE04EC0-301F-11D3-BF4B-00C04F79EFBC}") = "bt-gui", "bt-gui\bt-gui.csproj", "{2026F19E-B70D-40C1-ABDB-500AE76A715D}"
	GlobalSection(PerforceSourceControlProviderSolutionProperties) = preSolution
		SolutionIsControlled = True
	EndGlobalSection
EndProject
Project("{FAE04EC0-301F-11D3-BF4B-00C04F79EFBC}") = "bt-cli", "bt-cli\bt-cli.csproj", "{49C0AEA8-B92A-49EC-8EAA-4A67B4750C3E}"
	GlobalSection(PerforceSourceControlProviderSolutionProperties) = preSolution
		SolutionIsControlled = True
	EndGlobalSection
EndProject
Global
	GlobalSection(PerforceSourceControlProviderSolutionProperties) = preSolution
		SolutionIsControlled = True
	EndGlobalSection
	GlobalSection(SolutionConfigurationPlatforms) = preSolution
		Debug|Any CPU = Debug|Any CPU
		Release|Any CPU = Release|Any CPU
	EndGlobalSection
	GlobalSection(ProjectConfigurationPlatforms) = postSolution
		{2026F19E-B70D-40C1-ABDB-500AE76A715D}.Debug|Any CPU.ActiveCfg = Debug|Any CPU
		{2026F19E-B70D-40C1-ABDB-500AE76A715D}.Debug|Any CPU.Build.0 = Debug|Any CPU
		{2026F19E-B70D-40C1-ABDB-500AE76A715D}.Release|Any CPU.ActiveCfg = Release|Any CPU
		{2026F19E-B70D-40C1-ABDB-500AE76A715D}.Release|Any CPU.Build.0 = Release|Any CPU
		{49C0AEA8-B92A-49EC-8EAA-4A67B4750C3E}.Debug|Any CPU.ActiveCfg = Debug|Any CPU
		{49C0AEA8-B92A-49EC-8EAA-4A67B4750C3E}.Debug|Any CPU.Build.0 = Debug|Any CPU
		{49C0AEA8-B92A-49EC-8EAA-4A67B4750C3E}.Release|Any CPU.ActiveCfg = Release|Any CPU
		{49C0AEA8-B92A-49EC-8EAA-4A67B4750C3E}.Release|Any CPU.Build.0 = Release|Any CPU
	EndGlobalSection
	GlobalSection(SolutionProperties) = preSolution
		HideSolutionNode = FALSE
	EndGlobalSection
EndGlobal
